
Microsoft Visual Studio Solution File, Format Version 12.00
# Visual Studio Version 17
VisualStudioVersion = 17.11.35327.3
MinimumVisualStudioVersion = 10.0.40219.1
Project("{FAE04EC0-301F-11D3-BF4B-00C04F79EFBC}") = "Ex-012", "Ex-012.csproj", "{782EBAB3-4397-4472-99C6-C8AF110D583F}"
EndProject
Global
	GlobalSection(SolutionConfigurationPlatforms) = preSolution
		Debug|Any CPU = Debug|Any CPU
		Release|Any CPU = Release|Any CPU
	EndGlobalSection
	GlobalSection(ProjectConfigurationPlatforms) = postSolution
		{782EBAB3-4397-4472-99C6-C8AF110D583F}.Debug|Any CPU.ActiveCfg = Debug|Any CPU
		{782EBAB3-4397-4472-99C6-C8AF110D583F}.Debug|Any CPU.Build.0 = Debug|Any CPU
		{782EBAB3-4397-4472-99C6-C8AF110D583F}.Release|Any CPU.ActiveCfg = Release|Any CPU
		{782EBAB3-4397-4472-99C6-C8AF110D583F}.Release|Any CPU.Build.0 = Release|Any CPU
	EndGlobalSection
	GlobalSection(SolutionProperties) = preSolution
		HideSolutionNode = FALSE
	EndGlobalSection
	GlobalSection(ExtensibilityGlobals) = postSolution
		SolutionGuid = {5EE1C42A-0A90-456A-B2FD-A8588B735B60}
	EndGlobalSection
EndGlobal
