
Microsoft Visual Studio Solution File, Format Version 12.00
# Visual Studio Version 17
VisualStudioVersion = 17.11.35327.3
MinimumVisualStudioVersion = 10.0.40219.1
Project("{FAE04EC0-301F-11D3-BF4B-00C04F79EFBC}") = "Escrever", "Escrever.csproj", "{E12B1CB9-0593-43AC-9ADA-956099F9FED0}"
EndProject
Global
	GlobalSection(SolutionConfigurationPlatforms) = preSolution
		Debug|Any CPU = Debug|Any CPU
		Release|Any CPU = Release|Any CPU
	EndGlobalSection
	GlobalSection(ProjectConfigurationPlatforms) = postSolution
		{E12B1CB9-0593-43AC-9ADA-956099F9FED0}.Debug|Any CPU.ActiveCfg = Debug|Any CPU
		{E12B1CB9-0593-43AC-9ADA-956099F9FED0}.Debug|Any CPU.Build.0 = Debug|Any CPU
		{E12B1CB9-0593-43AC-9ADA-956099F9FED0}.Release|Any CPU.ActiveCfg = Release|Any CPU
		{E12B1CB9-0593-43AC-9ADA-956099F9FED0}.Release|Any CPU.Build.0 = Release|Any CPU
	EndGlobalSection
	GlobalSection(SolutionProperties) = preSolution
		HideSolutionNode = FALSE
	EndGlobalSection
	GlobalSection(ExtensibilityGlobals) = postSolution
		SolutionGuid = {852E3E5A-54BE-4069-9257-C883D6AB1514}
	EndGlobalSection
EndGlobal
