
Microsoft Visual Studio Solution File, Format Version 12.00
# Visual Studio Version 17
VisualStudioVersion = 17.11.35327.3
MinimumVisualStudioVersion = 10.0.40219.1
Project("{FAE04EC0-301F-11D3-BF4B-00C04F79EFBC}") = "Ex-005", "Ex-005.csproj", "{D1E25443-4B7C-4ED0-AAE7-D60B1C0ED843}"
EndProject
Global
	GlobalSection(SolutionConfigurationPlatforms) = preSolution
		Debug|Any CPU = Debug|Any CPU
		Release|Any CPU = Release|Any CPU
	EndGlobalSection
	GlobalSection(ProjectConfigurationPlatforms) = postSolution
		{D1E25443-4B7C-4ED0-AAE7-D60B1C0ED843}.Debug|Any CPU.ActiveCfg = Debug|Any CPU
		{D1E25443-4B7C-4ED0-AAE7-D60B1C0ED843}.Debug|Any CPU.Build.0 = Debug|Any CPU
		{D1E25443-4B7C-4ED0-AAE7-D60B1C0ED843}.Release|Any CPU.ActiveCfg = Release|Any CPU
		{D1E25443-4B7C-4ED0-AAE7-D60B1C0ED843}.Release|Any CPU.Build.0 = Release|Any CPU
	EndGlobalSection
	GlobalSection(SolutionProperties) = preSolution
		HideSolutionNode = FALSE
	EndGlobalSection
	GlobalSection(ExtensibilityGlobals) = postSolution
		SolutionGuid = {46D4B6A5-51F9-45A3-90FE-9C76D7E8979E}
	EndGlobalSection
EndGlobal
