
Microsoft Visual Studio Solution File, Format Version 12.00
# Visual Studio Version 17
VisualStudioVersion = 17.11.35327.3
MinimumVisualStudioVersion = 10.0.40219.1
Project("{FAE04EC0-301F-11D3-BF4B-00C04F79EFBC}") = "Datas", "Datas.csproj", "{11793330-B87E-4DE8-9483-41A4DAA57128}"
EndProject
Global
	GlobalSection(SolutionConfigurationPlatforms) = preSolution
		Debug|Any CPU = Debug|Any CPU
		Release|Any CPU = Release|Any CPU
	EndGlobalSection
	GlobalSection(ProjectConfigurationPlatforms) = postSolution
		{11793330-B87E-4DE8-9483-41A4DAA57128}.Debug|Any CPU.ActiveCfg = Debug|Any CPU
		{11793330-B87E-4DE8-9483-41A4DAA57128}.Debug|Any CPU.Build.0 = Debug|Any CPU
		{11793330-B87E-4DE8-9483-41A4DAA57128}.Release|Any CPU.ActiveCfg = Release|Any CPU
		{11793330-B87E-4DE8-9483-41A4DAA57128}.Release|Any CPU.Build.0 = Release|Any CPU
	EndGlobalSection
	GlobalSection(SolutionProperties) = preSolution
		HideSolutionNode = FALSE
	EndGlobalSection
	GlobalSection(ExtensibilityGlobals) = postSolution
		SolutionGuid = {20DAFE77-104B-464D-ACED-6FA9767B6CE3}
	EndGlobalSection
EndGlobal
